{
  "pins" : [
    {
      "identity" : "ffmpeg-kit-spm",
      "kind" : "remoteSourceControl",
      "location" : "https://github.com/dogegg-cc/ffmpeg-kit-spm.git",
      "state" : {
        "branch" : "main",
        "revision" : "b3f2da68e2a7622f8dcc8b3d00c19e0dd69a5d0e"
      }
    }
  ],
  "version" : 2
}
